{
  "version": 1,
  "dependencies": {
    "net10.0-windows7.0": {
      "avworkstationtoolkit.application": {
        "type": "Project",
        "dependencies": {
          "AVWorkstationToolkit.Domain": "[1.0.0, )"
        }
      },
      "avworkstationtoolkit.domain": {
        "type": "Project"
      },
      "avworkstationtoolkit.infrastructure.windows": {
        "type": "Project",
        "dependencies": {
          "AVWorkstationToolkit.Application": "[1.0.0, )",
          "AVWorkstationToolkit.Domain": "[1.0.0, )"
        }
      }
    },
    "net10.0-windows7.0/win-x64": {}
  }
}