{
  "version": 1,
  "dependencies": {
    "net10.0-windows7.0": {
      "avworkstationtoolkit.application": {
        "type": "Project",
        "dependencies": {
          "AVWorkstationToolkit.Domain": "[1.0.0, )"
        }
      },
      "avworkstationtoolkit.domain": {
        "type": "Project"
      }
    }
  }
}